<Solution>
  <Folder Name="/src/">
    <Project Path="src/Polar.Factograph.Domain/Polar.Factograph.Domain.csproj" />
    <Project Path="src/Polar.Factograph.Application/Polar.Factograph.Application.csproj" />
    <Project Path="src/Polar.Factograph.Fog/Polar.Factograph.Fog.csproj" />
    <Project Path="src/Polar.Factograph.Storage/Polar.Factograph.Storage.csproj" />
    <Project Path="src/Polar.Factograph.Api/Polar.Factograph.Api.csproj" />
  </Folder>
</Solution>
